// !$*UTF8*$!
{
	archiveVersion = 1;
	classes = {
	};
	objectVersion = 56;
	objects = {

/* Begin PBXBuildFile section */
		F4A86CCD2A0FDBF200D1485C /* LandMarksList.swift in Sources */ = {isa = PBXBuildFile; fileRef = F4A86CCC2A0FDBF200D1485C /* LandMarksList.swift */; };
		F4A86CCF2A0FDF2D00D1485C /* LandmarkDetail.swift in Sources */ = {isa = PBXBuildFile; fileRef = F4A86CCE2A0FDF2D00D1485C /* LandmarkDetail.swift */; };
		F4AB86DA29EBC9E100FE84CF /* SwiftUIDemoApp.swift in Sources */ = {isa = PBXBuildFile; fileRef = F4AB86D929EBC9E100FE84CF /* SwiftUIDemoApp.swift */; };
		F4AB86DC29EBC9E100FE84CF /* ContentView.swift in Sources */ = {isa = PBXBuildFile; fileRef = F4AB86DB29EBC9E100FE84CF /* ContentView.swift */; };
		F4AB86DE29EBC9E300FE84CF /* Assets.xcassets in Resources */ = {isa = PBXBuildFile; fileRef = F4AB86DD29EBC9E300FE84CF /* Assets.xcassets */; };
		F4AB86E129EBC9E300FE84CF /* Preview Assets.xcassets in Resources */ = {isa = PBXBuildFile; fileRef = F4AB86E029EBC9E300FE84CF /* Preview Assets.xcassets */; };
		F4AB86E829EBDAAD00FE84CF /* CircleImageView.swift in Sources */ = {isa = PBXBuildFile; fileRef = F4AB86E729EBDAAD00FE84CF /* CircleImageView.swift */; };
		F4AB86EB29EBDCAB00FE84CF /* MapView.swift in Sources */ = {isa = PBXBuildFile; fileRef = F4AB86EA29EBDCAB00FE84CF /* MapView.swift */; };
		F4B8A62829EC11E100E121EA /* landmarkData.json in Resources */ = {isa = PBXBuildFile; fileRef = F4B8A62729EC11E100E121EA /* landmarkData.json */; };
		F4B8A62C29EC122000E121EA /* LandmarkModel.swift in Sources */ = {isa = PBXBuildFile; fileRef = F4B8A62B29EC122000E121EA /* LandmarkModel.swift */; };
		F4B8A62E29EC129600E121EA /* CoordinatesModel.swift in Sources */ = {isa = PBXBuildFile; fileRef = F4B8A62D29EC129600E121EA /* CoordinatesModel.swift */; };
		F4B8A63029EC12EE00E121EA /* ModelData.swift in Sources */ = {isa = PBXBuildFile; fileRef = F4B8A62F29EC12EE00E121EA /* ModelData.swift */; };
		F4B8A63229EC88A600E121EA /* LandmarkRow.swift in Sources */ = {isa = PBXBuildFile; fileRef = F4B8A63129EC88A600E121EA /* LandmarkRow.swift */; };
/* End PBXBuildFile section */

/* Begin PBXFileReference section */
		F4A86CCC2A0FDBF200D1485C /* LandMarksList.swift */ = {isa = PBXFileReference; lastKnownFileType = sourcecode.swift; path = LandMarksList.swift; sourceTree = "<group>"; usesTabs = 0; };
		F4A86CCE2A0FDF2D00D1485C /* LandmarkDetail.swift */ = {isa = PBXFileReference; lastKnownFileType = sourcecode.swift; path = LandmarkDetail.swift; sourceTree = "<group>"; };
		F4AB86D629EBC9E100FE84CF /* SwiftUIDemo.app */ = {isa = PBXFileReference; explicitFileType = wrapper.application; includeInIndex = 0; path = SwiftUIDemo.app; sourceTree = BUILT_PRODUCTS_DIR; };
		F4AB86D929EBC9E100FE84CF /* SwiftUIDemoApp.swift */ = {isa = PBXFileReference; lastKnownFileType = sourcecode.swift; path = SwiftUIDemoApp.swift; sourceTree = "<group>"; };
		F4AB86DB29EBC9E100FE84CF /* ContentView.swift */ = {isa = PBXFileReference; lastKnownFileType = sourcecode.swift; path = ContentView.swift; sourceTree = "<group>"; };
		F4AB86DD29EBC9E300FE84CF /* Assets.xcassets */ = {isa = PBXFileReference; lastKnownFileType = folder.assetcatalog; path = Assets.xcassets; sourceTree = "<group>"; };
		F4AB86E029EBC9E300FE84CF /* Preview Assets.xcassets */ = {isa = PBXFileReference; lastKnownFileType = folder.assetcatalog; path = "Preview Assets.xcassets"; sourceTree = "<group>"; };
		F4AB86E729EBDAAD00FE84CF /* CircleImageView.swift */ = {isa = PBXFileReference; lastKnownFileType = sourcecode.swift; path = CircleImageView.swift; sourceTree = "<group>"; };
		F4AB86EA29EBDCAB00FE84CF /* MapView.swift */ = {isa = PBXFileReference; lastKnownFileType = sourcecode.swift; path = MapView.swift; sourceTree = "<group>"; };
		F4B8A62729EC11E100E121EA /* landmarkData.json */ = {isa = PBXFileReference; fileEncoding = 4; lastKnownFileType = text.json; path = landmarkData.json; sourceTree = "<group>"; };
		F4B8A62B29EC122000E121EA /* LandmarkModel.swift */ = {isa = PBXFileReference; lastKnownFileType = sourcecode.swift; path = LandmarkModel.swift; sourceTree = "<group>"; };
		F4B8A62D29EC129600E121EA /* CoordinatesModel.swift */ = {isa = PBXFileReference; lastKnownFileType = sourcecode.swift; path = CoordinatesModel.swift; sourceTree = "<group>"; };
		F4B8A62F29EC12EE00E121EA /* ModelData.swift */ = {isa = PBXFileReference; lastKnownFileType = sourcecode.swift; path = ModelData.swift; sourceTree = "<group>"; };
		F4B8A63129EC88A600E121EA /* LandmarkRow.swift */ = {isa = PBXFileReference; lastKnownFileType = sourcecode.swift; path = LandmarkRow.swift; sourceTree = "<group>"; };
/* End PBXFileReference section */

/* Begin PBXFrameworksBuildPhase section */
		F4AB86D329EBC9E100FE84CF /* Frameworks */ = {
			isa = PBXFrameworksBuildPhase;
			buildActionMask = 2147483647;
			files = (
			);
			runOnlyForDeploymentPostprocessing = 0;
		};
/* End PBXFrameworksBuildPhase section */

/* Begin PBXGroup section */
		F4AB86CD29EBC9E100FE84CF = {
			isa = PBXGroup;
			children = (
				F4AB86D829EBC9E100FE84CF /* SwiftUIDemo */,
				F4AB86D729EBC9E100FE84CF /* Products */,
			);
			sourceTree = "<group>";
		};
		F4AB86D729EBC9E100FE84CF /* Products */ = {
			isa = PBXGroup;
			children = (
				F4AB86D629EBC9E100FE84CF /* SwiftUIDemo.app */,
			);
			name = Products;
			sourceTree = "<group>";
		};
		F4AB86D829EBC9E100FE84CF /* SwiftUIDemo */ = {
			isa = PBXGroup;
			children = (
				F4B8A62A29EC120B00E121EA /* Model */,
				F4B8A62629EC11CC00E121EA /* Resources */,
				F4AB86E929EBDAB900FE84CF /* CustomViews */,
				F4B8A62929EC11F800E121EA /* Views */,
				F4AB86DD29EBC9E300FE84CF /* Assets.xcassets */,
				F4AB86DF29EBC9E300FE84CF /* Preview Content */,
			);
			path = SwiftUIDemo;
			sourceTree = "<group>";
		};
		F4AB86DF29EBC9E300FE84CF /* Preview Content */ = {
			isa = PBXGroup;
			children = (
				F4AB86E029EBC9E300FE84CF /* Preview Assets.xcassets */,
			);
			path = "Preview Content";
			sourceTree = "<group>";
		};
		F4AB86E929EBDAB900FE84CF /* CustomViews */ = {
			isa = PBXGroup;
			children = (
				F4AB86E729EBDAAD00FE84CF /* CircleImageView.swift */,
				F4AB86EA29EBDCAB00FE84CF /* MapView.swift */,
			);
			path = CustomViews;
			sourceTree = "<group>";
		};
		F4B8A62629EC11CC00E121EA /* Resources */ = {
			isa = PBXGroup;
			children = (
				F4B8A62729EC11E100E121EA /* landmarkData.json */,
			);
			path = Resources;
			sourceTree = "<group>";
		};
		F4B8A62929EC11F800E121EA /* Views */ = {
			isa = PBXGroup;
			children = (
				F4AB86D929EBC9E100FE84CF /* SwiftUIDemoApp.swift */,
				F4AB86DB29EBC9E100FE84CF /* ContentView.swift */,
				F4B8A63129EC88A600E121EA /* LandmarkRow.swift */,
				F4A86CCC2A0FDBF200D1485C /* LandMarksList.swift */,
				F4A86CCE2A0FDF2D00D1485C /* LandmarkDetail.swift */,
			);
			path = Views;
			sourceTree = "<group>";
		};
		F4B8A62A29EC120B00E121EA /* Model */ = {
			isa = PBXGroup;
			children = (
				F4B8A62B29EC122000E121EA /* LandmarkModel.swift */,
				F4B8A62D29EC129600E121EA /* CoordinatesModel.swift */,
				F4B8A62F29EC12EE00E121EA /* ModelData.swift */,
			);
			path = Model;
			sourceTree = "<group>";
		};
/* End PBXGroup section */

/* Begin PBXNativeTarget section */
		F4AB86D529EBC9E100FE84CF /* SwiftUIDemo */ = {
			isa = PBXNativeTarget;
			buildConfigurationList = F4AB86E429EBC9E300FE84CF /* Build configuration list for PBXNativeTarget "SwiftUIDemo" */;
			buildPhases = (
				F4AB86D229EBC9E100FE84CF /* Sources */,
				F4AB86D329EBC9E100FE84CF /* Frameworks */,
				F4AB86D429EBC9E100FE84CF /* Resources */,
			);
			buildRules = (
			);
			dependencies = (
			);
			name = SwiftUIDemo;
			productName = SwiftUIDemo;
			productReference = F4AB86D629EBC9E100FE84CF /* SwiftUIDemo.app */;
			productType = "com.apple.product-type.application";
		};
/* End PBXNativeTarget section */

/* Begin PBXProject section */
		F4AB86CE29EBC9E100FE84CF /* Project object */ = {
			isa = PBXProject;
			attributes = {
				BuildIndependentTargetsInParallel = 1;
				LastSwiftUpdateCheck = 1410;
				LastUpgradeCheck = 1410;
				TargetAttributes = {
					F4AB86D529EBC9E100FE84CF = {
						CreatedOnToolsVersion = 14.1;
					};
				};
			};
			buildConfigurationList = F4AB86D129EBC9E100FE84CF /* Build configuration list for PBXProject "SwiftUIDemo" */;
			compatibilityVersion = "Xcode 14.0";
			developmentRegion = en;
			hasScannedForEncodings = 0;
			knownRegions = (
				en,
				Base,
			);
			mainGroup = F4AB86CD29EBC9E100FE84CF;
			productRefGroup = F4AB86D729EBC9E100FE84CF /* Products */;
			projectDirPath = "";
			projectRoot = "";
			targets = (
				F4AB86D529EBC9E100FE84CF /* SwiftUIDemo */,
			);
		};
/* End PBXProject section */

/* Begin PBXResourcesBuildPhase section */
		F4AB86D429EBC9E100FE84CF /* Resources */ = {
			isa = PBXResourcesBuildPhase;
			buildActionMask = 2147483647;
			files = (
				F4AB86E129EBC9E300FE84CF /* Preview Assets.xcassets in Resources */,
				F4AB86DE29EBC9E300FE84CF /* Assets.xcassets in Resources */,
				F4B8A62829EC11E100E121EA /* landmarkData.json in Resources */,
			);
			runOnlyForDeploymentPostprocessing = 0;
		};
/* End PBXResourcesBuildPhase section */

/* Begin PBXSourcesBuildPhase section */
		F4AB86D229EBC9E100FE84CF /* Sources */ = {
			isa = PBXSourcesBuildPhase;
			buildActionMask = 2147483647;
			files = (
				F4AB86DC29EBC9E100FE84CF /* ContentView.swift in Sources */,
				F4A86CCD2A0FDBF200D1485C /* LandMarksList.swift in Sources */,
				F4B8A62C29EC122000E121EA /* LandmarkModel.swift in Sources */,
				F4AB86EB29EBDCAB00FE84CF /* MapView.swift in Sources */,
				F4AB86DA29EBC9E100FE84CF /* SwiftUIDemoApp.swift in Sources */,
				F4AB86E829EBDAAD00FE84CF /* CircleImageView.swift in Sources */,
				F4B8A62E29EC129600E121EA /* CoordinatesModel.swift in Sources */,
				F4B8A63229EC88A600E121EA /* LandmarkRow.swift in Sources */,
				F4A86CCF2A0FDF2D00D1485C /* LandmarkDetail.swift in Sources */,
				F4B8A63029EC12EE00E121EA /* ModelData.swift in Sources */,
			);
			runOnlyForDeploymentPostprocessing = 0;
		};
/* End PBXSourcesBuildPhase section */

/* Begin XCBuildConfiguration section */
		F4AB86E229EBC9E300FE84CF /* Debug */ = {
			isa = XCBuildConfiguration;
			buildSettings = {
				ALWAYS_SEARCH_USER_PATHS = NO;
				CLANG_ANALYZER_NONNULL = YES;
				CLANG_ANALYZER_NUMBER_OBJECT_CONVERSION = YES_AGGRESSIVE;
				CLANG_CXX_LANGUAGE_STANDARD = "gnu++20";
				CLANG_ENABLE_MODULES = YES;
				CLANG_ENABLE_OBJC_ARC = YES;
				CLANG_ENABLE_OBJC_WEAK = YES;
				CLANG_WARN_BLOCK_CAPTURE_AUTORELEASING = YES;
				CLANG_WARN_BOOL_CONVERSION = YES;
				CLANG_WARN_COMMA = YES;
				CLANG_WARN_CONSTANT_CONVERSION = YES;
				CLANG_WARN_DEPRECATED_OBJC_IMPLEMENTATIONS = YES;
				CLANG_WARN_DIRECT_OBJC_ISA_USAGE = YES_ERROR;
				CLANG_WARN_DOCUMENTATION_COMMENTS = YES;
				CLANG_WARN_EMPTY_BODY = YES;
				CLANG_WARN_ENUM_CONVERSION = YES;
				CLANG_WARN_INFINITE_RECURSION = YES;
				CLANG_WARN_INT_CONVERSION = YES;
				CLANG_WARN_NON_LITERAL_NULL_CONVERSION = YES;
				CLANG_WARN_OBJC_IMPLICIT_RETAIN_SELF = YES;
				CLANG_WARN_OBJC_LITERAL_CONVERSION = YES;
				CLANG_WARN_OBJC_ROOT_CLASS = YES_ERROR;
				CLANG_WARN_QUOTED_INCLUDE_IN_FRAMEWORK_HEADER = YES;
				CLANG_WARN_RANGE_LOOP_ANALYSIS = YES;
				CLANG_WARN_STRICT_PROTOTYPES = YES;
				CLANG_WARN_SUSPICIOUS_MOVE = YES;
				CLANG_WARN_UNGUARDED_AVAILABILITY = YES_AGGRESSIVE;
				CLANG_WARN_UNREACHABLE_CODE = YES;
				CLANG_WARN__DUPLICATE_METHOD_MATCH = YES;
				COPY_PHASE_STRIP = NO;
				DEBUG_INFORMATION_FORMAT = dwarf;
				ENABLE_STRICT_OBJC_MSGSEND = YES;
				ENABLE_TESTABILITY = YES;
				GCC_C_LANGUAGE_STANDARD = gnu11;
				GCC_DYNAMIC_NO_PIC = NO;
				GCC_NO_COMMON_BLOCKS = YES;
				GCC_OPTIMIZATION_LEVEL = 0;
				GCC_PREPROCESSOR_DEFINITIONS = (
					"DEBUG=1",
					"$(inherited)",
				);
				GCC_WARN_64_TO_32_BIT_CONVERSION = YES;
				GCC_WARN_ABOUT_RETURN_TYPE = YES_ERROR;
				GCC_WARN_UNDECLARED_SELECTOR = YES;
				GCC_WARN_UNINITIALIZED_AUTOS = YES_AGGRESSIVE;
				GCC_WARN_UNUSED_FUNCTION = YES;
				GCC_WARN_UNUSED_VARIABLE = YES;
				IPHONEOS_DEPLOYMENT_TARGET = 16.1;
				MTL_ENABLE_DEBUG_INFO = INCLUDE_SOURCE;
				MTL_FAST_MATH = YES;
				ONLY_ACTIVE_ARCH = YES;
				SDKROOT = iphoneos;
				SWIFT_ACTIVE_COMPILATION_CONDITIONS = DEBUG;
				SWIFT_OPTIMIZATION_LEVEL = "-Onone";
			};
			name = Debug;
		};
		F4AB86E329EBC9E300FE84CF /* Release */ = {
			isa = XCBuildConfiguration;
			buildSettings = {
				ALWAYS_SEARCH_USER_PATHS = NO;
				CLANG_ANALYZER_NONNULL = YES;
				CLANG_ANALYZER_NUMBER_OBJECT_CONVERSION = YES_AGGRESSIVE;
				CLANG_CXX_LANGUAGE_STANDARD = "gnu++20";
				CLANG_ENABLE_MODULES = YES;
				CLANG_ENABLE_OBJC_ARC = YES;
				CLANG_ENABLE_OBJC_WEAK = YES;
				CLANG_WARN_BLOCK_CAPTURE_AUTORELEASING = YES;
				CLANG_WARN_BOOL_CONVERSION = YES;
				CLANG_WARN_COMMA = YES;
				CLANG_WARN_CONSTANT_CONVERSION = YES;
				CLANG_WARN_DEPRECATED_OBJC_IMPLEMENTATIONS = YES;
				CLANG_WARN_DIRECT_OBJC_ISA_USAGE = YES_ERROR;
				CLANG_WARN_DOCUMENTATION_COMMENTS = YES;
				CLANG_WARN_EMPTY_BODY = YES;
				CLANG_WARN_ENUM_CONVERSION = YES;
				CLANG_WARN_INFINITE_RECURSION = YES;
				CLANG_WARN_INT_CONVERSION = YES;
				CLANG_WARN_NON_LITERAL_NULL_CONVERSION = YES;
				CLANG_WARN_OBJC_IMPLICIT_RETAIN_SELF = YES;
				CLANG_WARN_OBJC_LITERAL_CONVERSION = YES;
				CLANG_WARN_OBJC_ROOT_CLASS = YES_ERROR;
				CLANG_WARN_QUOTED_INCLUDE_IN_FRAMEWORK_HEADER = YES;
				CLANG_WARN_RANGE_LOOP_ANALYSIS = YES;
				CLANG_WARN_STRICT_PROTOTYPES = YES;
				CLANG_WARN_SUSPICIOUS_MOVE = YES;
				CLANG_WARN_UNGUARDED_AVAILABILITY = YES_AGGRESSIVE;
				CLANG_WARN_UNREACHABLE_CODE = YES;
				CLANG_WARN__DUPLICATE_METHOD_MATCH = YES;
				COPY_PHASE_STRIP = NO;
				DEBUG_INFORMATION_FORMAT = "dwarf-with-dsym";
				ENABLE_NS_ASSERTIONS = NO;
				ENABLE_STRICT_OBJC_MSGSEND = YES;
				GCC_C_LANGUAGE_STANDARD = gnu11;
				GCC_NO_COMMON_BLOCKS = YES;
				GCC_WARN_64_TO_32_BIT_CONVERSION = YES;
				GCC_WARN_ABOUT_RETURN_TYPE = YES_ERROR;
				GCC_WARN_UNDECLARED_SELECTOR = YES;
				GCC_WARN_UNINITIALIZED_AUTOS = YES_AGGRESSIVE;
				GCC_WARN_UNUSED_FUNCTION = YES;
				GCC_WARN_UNUSED_VARIABLE = YES;
				IPHONEOS_DEPLOYMENT_TARGET = 16.1;
				MTL_ENABLE_DEBUG_INFO = NO;
				MTL_FAST_MATH = YES;
				SDKROOT = iphoneos;
				SWIFT_COMPILATION_MODE = wholemodule;
				SWIFT_OPTIMIZATION_LEVEL = "-O";
				VALIDATE_PRODUCT = YES;
			};
			name = Release;
		};
		F4AB86E529EBC9E300FE84CF /* Debug */ = {
			isa = XCBuildConfiguration;
			buildSettings = {
				ASSETCATALOG_COMPILER_APPICON_NAME = AppIcon;
				ASSETCATALOG_COMPILER_GLOBAL_ACCENT_COLOR_NAME = AccentColor;
				CODE_SIGN_STYLE = Automatic;
				CURRENT_PROJECT_VERSION = 1;
				DEVELOPMENT_ASSET_PATHS = "\"SwiftUIDemo/Preview Content\"";
				DEVELOPMENT_TEAM = G6J26BAQQG;
				ENABLE_PREVIEWS = YES;
				GENERATE_INFOPLIST_FILE = YES;
				INFOPLIST_KEY_UIApplicationSceneManifest_Generation = YES;
				INFOPLIST_KEY_UIApplicationSupportsIndirectInputEvents = YES;
				INFOPLIST_KEY_UILaunchScreen_Generation = YES;
				INFOPLIST_KEY_UISupportedInterfaceOrientations_iPad = "UIInterfaceOrientationPortrait UIInterfaceOrientationPortraitUpsideDown UIInterfaceOrientationLandscapeLeft UIInterfaceOrientationLandscapeRight";
				INFOPLIST_KEY_UISupportedInterfaceOrientations_iPhone = "UIInterfaceOrientationPortrait UIInterfaceOrientationLandscapeLeft UIInterfaceOrientationLandscapeRight";
				IPHONEOS_DEPLOYMENT_TARGET = 15.0;
				LD_RUNPATH_SEARCH_PATHS = (
					"$(inherited)",
					"@executable_path/Frameworks",
				);
				MARKETING_VERSION = 1.0;
				PRODUCT_BUNDLE_IDENTIFIER = gbcom.SwiftUIDemo;
				PRODUCT_NAME = "$(TARGET_NAME)";
				SWIFT_EMIT_LOC_STRINGS = YES;
				SWIFT_VERSION = 5.0;
				TARGETED_DEVICE_FAMILY = "1,2";
			};
			name = Debug;
		};
		F4AB86E629EBC9E300FE84CF /* Release */ = {
			isa = XCBuildConfiguration;
			buildSettings = {
				ASSETCATALOG_COMPILER_APPICON_NAME = AppIcon;
				ASSETCATALOG_COMPILER_GLOBAL_ACCENT_COLOR_NAME = AccentColor;
				CODE_SIGN_STYLE = Automatic;
				CURRENT_PROJECT_VERSION = 1;
				DEVELOPMENT_ASSET_PATHS = "\"SwiftUIDemo/Preview Content\"";
				DEVELOPMENT_TEAM = G6J26BAQQG;
				ENABLE_PREVIEWS = YES;
				GENERATE_INFOPLIST_FILE = YES;
				INFOPLIST_KEY_UIApplicationSceneManifest_Generation = YES;
				INFOPLIST_KEY_UIApplicationSupportsIndirectInputEvents = YES;
				INFOPLIST_KEY_UILaunchScreen_Generation = YES;
				INFOPLIST_KEY_UISupportedInterfaceOrientations_iPad = "UIInterfaceOrientationPortrait UIInterfaceOrientationPortraitUpsideDown UIInterfaceOrientationLandscapeLeft UIInterfaceOrientationLandscapeRight";
				INFOPLIST_KEY_UISupportedInterfaceOrientations_iPhone = "UIInterfaceOrientationPortrait UIInterfaceOrientationLandscapeLeft UIInterfaceOrientationLandscapeRight";
				IPHONEOS_DEPLOYMENT_TARGET = 15.0;
				LD_RUNPATH_SEARCH_PATHS = (
					"$(inherited)",
					"@executable_path/Frameworks",
				);
				MARKETING_VERSION = 1.0;
				PRODUCT_BUNDLE_IDENTIFIER = gbcom.SwiftUIDemo;
				PRODUCT_NAME = "$(TARGET_NAME)";
				SWIFT_EMIT_LOC_STRINGS = YES;
				SWIFT_VERSION = 5.0;
				TARGETED_DEVICE_FAMILY = "1,2";
			};
			name = Release;
		};
/* End XCBuildConfiguration section */

/* Begin XCConfigurationList section */
		F4AB86D129EBC9E100FE84CF /* Build configuration list for PBXProject "SwiftUIDemo" */ = {
			isa = XCConfigurationList;
			buildConfigurations = (
				F4AB86E229EBC9E300FE84CF /* Debug */,
				F4AB86E329EBC9E300FE84CF /* Release */,
			);
			defaultConfigurationIsVisible = 0;
			defaultConfigurationName = Release;
		};
		F4AB86E429EBC9E300FE84CF /* Build configuration list for PBXNativeTarget "SwiftUIDemo" */ = {
			isa = XCConfigurationList;
			buildConfigurations = (
				F4AB86E529EBC9E300FE84CF /* Debug */,
				F4AB86E629EBC9E300FE84CF /* Release */,
			);
			defaultConfigurationIsVisible = 0;
			defaultConfigurationName = Release;
		};
/* End XCConfigurationList section */
	};
	rootObject = F4AB86CE29EBC9E100FE84CF /* Project object */;
}
